
Microsoft Visual Studio Solution File, Format Version 12.00
# Visual Studio Version 17
VisualStudioVersion = 17.3.32825.248
MinimumVisualStudioVersion = 10.0.40219.1
Project("{FAE04EC0-301F-11D3-BF4B-00C04F79EFBC}") = "YoutubeVideoDownloader", "YoutubeVideoDownloader\YoutubeVideoDownloader.csproj", "{58A06063-4023-4080-9D2C-AC56DC77F8A9}"
EndProject
Global
	GlobalSection(SolutionConfigurationPlatforms) = preSolution
		Debug|Any CPU = Debug|Any CPU
		Release|Any CPU = Release|Any CPU
	EndGlobalSection
	GlobalSection(ProjectConfigurationPlatforms) = postSolution
		{58A06063-4023-4080-9D2C-AC56DC77F8A9}.Debug|Any CPU.ActiveCfg = Debug|Any CPU
		{58A06063-4023-4080-9D2C-AC56DC77F8A9}.Debug|Any CPU.Build.0 = Debug|Any CPU
		{58A06063-4023-4080-9D2C-AC56DC77F8A9}.Release|Any CPU.ActiveCfg = Release|Any CPU
		{58A06063-4023-4080-9D2C-AC56DC77F8A9}.Release|Any CPU.Build.0 = Release|Any CPU
	EndGlobalSection
	GlobalSection(SolutionProperties) = preSolution
		HideSolutionNode = FALSE
	EndGlobalSection
	GlobalSection(ExtensibilityGlobals) = postSolution
		SolutionGuid = {04592288-AEA2-4723-9AC5-60815DD2185D}
	EndGlobalSection
EndGlobal
