
Microsoft Visual Studio Solution File, Format Version 12.00
# Visual Studio Version 17
VisualStudioVersion = 17.2.32630.192
MinimumVisualStudioVersion = 10.0.40219.1
Project("{FAE04EC0-301F-11D3-BF4B-00C04F79EFBC}") = "ProjectC", "Project_Hospital\ProjectC.csproj", "{A5E0D637-4D51-44EB-B0D8-D2E44D46FFFF}"
EndProject
Global
	GlobalSection(SolutionConfigurationPlatforms) = preSolution
		Debug|Any CPU = Debug|Any CPU
		Release|Any CPU = Release|Any CPU
	EndGlobalSection
	GlobalSection(ProjectConfigurationPlatforms) = postSolution
		{A5E0D637-4D51-44EB-B0D8-D2E44D46FFFF}.Debug|Any CPU.ActiveCfg = Debug|Any CPU
		{A5E0D637-4D51-44EB-B0D8-D2E44D46FFFF}.Debug|Any CPU.Build.0 = Debug|Any CPU
		{A5E0D637-4D51-44EB-B0D8-D2E44D46FFFF}.Release|Any CPU.ActiveCfg = Release|Any CPU
		{A5E0D637-4D51-44EB-B0D8-D2E44D46FFFF}.Release|Any CPU.Build.0 = Release|Any CPU
	EndGlobalSection
	GlobalSection(SolutionProperties) = preSolution
		HideSolutionNode = FALSE
	EndGlobalSection
	GlobalSection(ExtensibilityGlobals) = postSolution
		SolutionGuid = {A2409FBB-68A6-4BEF-B279-B144550C3368}
	EndGlobalSection
EndGlobal
